{
  "requires": true,
  "lockfileVersion": 1,
  "dependencies": {
    "js-md5": {
      "version": "0.7.3",
      "resolved": "https://registry.npmjs.org/js-md5/-/js-md5-0.7.3.tgz",
      "integrity": "sha512-ZC41vPSTLKGwIRjqDh8DfXoCrdQIyBgspJVPXHBGu4nZlAEvG3nf+jO9avM9RmLiGakg7vz974ms99nEV0tmTQ=="
    },
    "js-sha1": {
      "version": "0.6.0",
      "resolved": "https://registry.npmjs.org/js-sha1/-/js-sha1-0.6.0.tgz",
      "integrity": "sha512-01gwBFreYydzmU9BmZxpVk6svJJHrVxEN3IOiGl6VO93bVKYETJ0sIth6DASI6mIFdt7NmfX9UiByRzsYHGU9w=="
    },
    "uniqolor": {
      "version": "1.0.0",
      "resolved": "https://registry.npmjs.org/uniqolor/-/uniqolor-1.0.0.tgz",
      "integrity": "sha512-NImCk5Vsmob41+hkeNCC3WubE2/QDEf4h0FA1TNFf+3MvGdEmue7rB88DEKWQJRy26TrGyOw5NI3bItZ6XyBYA=="
    },
    "uuid-by-string": {
      "version": "3.0.2",
      "resolved": "https://registry.npmjs.org/uuid-by-string/-/uuid-by-string-3.0.2.tgz",
      "integrity": "sha512-XA0BuWgMte7RcwEdM+AJOtQWVogkpQkWGX6bEgnYFWSkp4yebZTeapNvGZWZUX+T1/lo6kL+8nY7AczLI+Bjfw==",
      "requires": {
        "js-md5": "^0.7.3",
        "js-sha1": "^0.6.0"
      }
    }
  }
}
