# THIS IS AN AUTOGENERATED FILE. DO NOT EDIT THIS FILE DIRECTLY.
# yarn lockfile v1


js-md5@^0.7.3:
  version "0.7.3"
  resolved "https://registry.yarnpkg.com/js-md5/-/js-md5-0.7.3.tgz#b4f2fbb0b327455f598d6727e38ec272cd09c3f2"
  integrity sha512-ZC41vPSTLKGwIRjqDh8DfXoCrdQIyBgspJVPXHBGu4nZlAEvG3nf+jO9avM9RmLiGakg7vz974ms99nEV0tmTQ==

js-sha1@^0.6.0:
  version "0.6.0"
  resolved "https://registry.yarnpkg.com/js-sha1/-/js-sha1-0.6.0.tgz#adbee10f0e8e18aa07cdea807cf08e9183dbc7f9"
  integrity sha512-01gwBFreYydzmU9BmZxpVk6svJJHrVxEN3IOiGl6VO93bVKYETJ0sIth6DASI6mIFdt7NmfX9UiByRzsYHGU9w==

uniqolor@^1.0.0:
  version "1.0.0"
  resolved "https://registry.yarnpkg.com/uniqolor/-/uniqolor-1.0.0.tgz#d08efe6e29e857ecc084e63cf1ec1abaf760f985"
  integrity sha512-NImCk5Vsmob41+hkeNCC3WubE2/QDEf4h0FA1TNFf+3MvGdEmue7rB88DEKWQJRy26TrGyOw5NI3bItZ6XyBYA==

uuid-by-string@^3.0.2:
  version "3.0.2"
  resolved "https://registry.yarnpkg.com/uuid-by-string/-/uuid-by-string-3.0.2.tgz#40e7a2049224715f566a13169f1f178aee42ac00"
  integrity sha512-XA0BuWgMte7RcwEdM+AJOtQWVogkpQkWGX6bEgnYFWSkp4yebZTeapNvGZWZUX+T1/lo6kL+8nY7AczLI+Bjfw==
  dependencies:
    js-md5 "^0.7.3"
    js-sha1 "^0.6.0"
